
Microsoft Visual Studio Solution File, Format Version 12.00
# Visual Studio 15
Project("{FAE04EC0-301F-11D3-BF4B-00C04F79EFBC}") = "UnityEngine.TestRunner", "UnityEngine.TestRunner.csproj", "{A8B16DE3-F238-D959-61C2-D0C4C0FEA47B}"
EndProject
Project("{FAE04EC0-301F-11D3-BF4B-00C04F79EFBC}") = "UnityEngine.UI", "UnityEngine.UI.csproj", "{325377FC-67AB-9D5C-1497-D53760714A0B}"
EndProject
Project("{FAE04EC0-301F-11D3-BF4B-00C04F79EFBC}") = "Unity.Mathematics", "Unity.Mathematics.csproj", "{6D6A75BE-1971-26FE-C019-11F2579796AF}"
EndProject
Project("{FAE04EC0-301F-11D3-BF4B-00C04F79EFBC}") = "Unity.VisualScripting.State", "Unity.VisualScripting.State.csproj", "{2688CEE8-7063-CCD5-B844-D4B28192A3FE}"
EndProject
Project("{FAE04EC0-301F-11D3-BF4B-00C04F79EFBC}") = "Unity.VisualScripting.Core", "Unity.VisualScripting.Core.csproj", "{A99D36B0-4E90-B409-906B-202013023C2D}"
EndProject
Project("{FAE04EC0-301F-11D3-BF4B-00C04F79EFBC}") = "Unity.VisualScripting.Flow", "Unity.VisualScripting.Flow.csproj", "{70411888-B18B-7719-D57D-CE21E9363DF6}"
EndProject
Project("{FAE04EC0-301F-11D3-BF4B-00C04F79EFBC}") = "Unity.2D.Animation.Runtime", "Unity.2D.Animation.Runtime.csproj", "{D6421142-6A37-18E5-51CA-3394F3AA6B58}"
EndProject
Project("{FAE04EC0-301F-11D3-BF4B-00C04F79EFBC}") = "Unity.TextMeshPro", "Unity.TextMeshPro.csproj", "{E11ECAB8-4910-69EC-3543-BAFA2641F1E3}"
EndProject
Project("{FAE04EC0-301F-11D3-BF4B-00C04F79EFBC}") = "Unity.Timeline", "Unity.Timeline.csproj", "{0EE2D429-D696-61CE-4D49-F3E76AD5C29C}"
EndProject
Project("{FAE04EC0-301F-11D3-BF4B-00C04F79EFBC}") = "Unity.2D.SpriteShape.Runtime", "Unity.2D.SpriteShape.Runtime.csproj", "{066ED393-5418-F644-91C0-DAE909909CB2}"
EndProject
Project("{FAE04EC0-301F-11D3-BF4B-00C04F79EFBC}") = "Unity.2D.Animation.Triangle.Runtime", "Unity.2D.Animation.Triangle.Runtime.csproj", "{628BC0C4-5161-55DD-E260-20B430453509}"
EndProject
Project("{FAE04EC0-301F-11D3-BF4B-00C04F79EFBC}") = "Unity.2D.PixelPerfect", "Unity.2D.PixelPerfect.csproj", "{F1E46FBC-7EE0-532B-E960-03CE5146CAC0}"
EndProject
Project("{FAE04EC0-301F-11D3-BF4B-00C04F79EFBC}") = "Unity.2D.IK.Runtime", "Unity.2D.IK.Runtime.csproj", "{8807F5A0-BD39-5BBE-7D70-9A6C17208FB2}"
EndProject
Project("{FAE04EC0-301F-11D3-BF4B-00C04F79EFBC}") = "Unity.2D.Common.Runtime", "Unity.2D.Common.Runtime.csproj", "{FA025293-E7BA-C3B4-05E6-0ACE59306F1A}"
EndProject
Project("{FAE04EC0-301F-11D3-BF4B-00C04F79EFBC}") = "Unity.InternalAPIEngineBridge.001", "Unity.InternalAPIEngineBridge.001.csproj", "{D7EB903A-6018-6F04-4EBE-03DCAD41AAEA}"
EndProject
Project("{FAE04EC0-301F-11D3-BF4B-00C04F79EFBC}") = "Assembly-CSharp", "Assembly-CSharp.csproj", "{CAC73D18-2999-99F7-2FF0-322807A7A3CE}"
EndProject
Project("{FAE04EC0-301F-11D3-BF4B-00C04F79EFBC}") = "Unity.VisualScripting.Core.Editor", "Unity.VisualScripting.Core.Editor.csproj", "{FF7ACAA0-84DA-2E47-39DD-2D52F4522FD5}"
EndProject
Project("{FAE04EC0-301F-11D3-BF4B-00C04F79EFBC}") = "Unity.VisualStudio.Editor", "Unity.VisualStudio.Editor.csproj", "{9DF936F0-666A-97F1-8A72-D85A8298E8DE}"
EndProject
Project("{FAE04EC0-301F-11D3-BF4B-00C04F79EFBC}") = "Unity.Timeline.Editor", "Unity.Timeline.Editor.csproj", "{7A280928-8729-A7B0-C0EE-D1031343A3F5}"
EndProject
Project("{FAE04EC0-301F-11D3-BF4B-00C04F79EFBC}") = "Unity.VisualScripting.State.Editor", "Unity.VisualScripting.State.Editor.csproj", "{70B7D389-C147-F141-8C24-F915EC772F70}"
EndProject
Project("{FAE04EC0-301F-11D3-BF4B-00C04F79EFBC}") = "Unity.TextMeshPro.Editor", "Unity.TextMeshPro.Editor.csproj", "{5FE3388A-000B-F8F7-3D2A-1B72B69B1487}"
EndProject
Project("{FAE04EC0-301F-11D3-BF4B-00C04F79EFBC}") = "Unity.2D.Animation.Editor", "Unity.2D.Animation.Editor.csproj", "{425B4D78-4942-CC3E-D0B1-788E65FD85B8}"
EndProject
Project("{FAE04EC0-301F-11D3-BF4B-00C04F79EFBC}") = "VSSettingsProvider", "VSSettingsProvider.csproj", "{FB739818-94D6-DFE6-4FF6-E843C38262A4}"
EndProject
Project("{FAE04EC0-301F-11D3-BF4B-00C04F79EFBC}") = "Unity.CollabProxy.Editor", "Unity.CollabProxy.Editor.csproj", "{4534FFB5-B6A7-B3C5-0904-2584DDAC1910}"
EndProject
Project("{FAE04EC0-301F-11D3-BF4B-00C04F79EFBC}") = "UnityEditor.TestRunner", "UnityEditor.TestRunner.csproj", "{B962F6FE-B973-08AF-4181-8A5D78CEA4A1}"
EndProject
Project("{FAE04EC0-301F-11D3-BF4B-00C04F79EFBC}") = "Unity.VisualScripting.Flow.Editor", "Unity.VisualScripting.Flow.Editor.csproj", "{9EC8F3BE-4AA5-7FD3-552A-97EB4B6202B4}"
EndProject
Project("{FAE04EC0-301F-11D3-BF4B-00C04F79EFBC}") = "Unity.Rider.Editor", "Unity.Rider.Editor.csproj", "{9DEA5D6B-8F7B-2A24-FF5F-B1A8A85A2FA7}"
EndProject
Project("{FAE04EC0-301F-11D3-BF4B-00C04F79EFBC}") = "Unity.2D.Path.Editor", "Unity.2D.Path.Editor.csproj", "{9ABB08A8-2C4E-E122-D577-7EC8353C5A2A}"
EndProject
Project("{FAE04EC0-301F-11D3-BF4B-00C04F79EFBC}") = "PsdPlugin", "PsdPlugin.csproj", "{2EBFEB97-97C1-E9F1-FD38-12C53712B2DC}"
EndProject
Project("{FAE04EC0-301F-11D3-BF4B-00C04F79EFBC}") = "Unity.2D.IK.Editor", "Unity.2D.IK.Editor.csproj", "{D1FA32EA-83AE-2E12-6B5A-B54E621F20D4}"
EndProject
Project("{FAE04EC0-301F-11D3-BF4B-00C04F79EFBC}") = "Unity.2D.Psdimporter.Editor", "Unity.2D.Psdimporter.Editor.csproj", "{271D9F65-588E-92F4-EF4F-BBADDADA9C24}"
EndProject
Project("{FAE04EC0-301F-11D3-BF4B-00C04F79EFBC}") = "Unity.2D.SpriteShape.Editor", "Unity.2D.SpriteShape.Editor.csproj", "{9B3D3FD3-80F5-F097-ED4C-4D8F00620EDF}"
EndProject
Project("{FAE04EC0-301F-11D3-BF4B-00C04F79EFBC}") = "Unity.2D.Tilemap.Editor", "Unity.2D.Tilemap.Editor.csproj", "{3D158011-C88D-7E15-804D-D7CE3530A6FC}"
EndProject
Project("{FAE04EC0-301F-11D3-BF4B-00C04F79EFBC}") = "Unity.2D.PixelPerfect.Editor", "Unity.2D.PixelPerfect.Editor.csproj", "{EA480686-E61D-00D7-4C8F-D950FFBABAFC}"
EndProject
Project("{FAE04EC0-301F-11D3-BF4B-00C04F79EFBC}") = "Unity.VSCode.Editor", "Unity.VSCode.Editor.csproj", "{6DFD8B39-6DF3-F45A-3CF6-07EC94F0CFA7}"
EndProject
Project("{FAE04EC0-301F-11D3-BF4B-00C04F79EFBC}") = "Unity.2D.Sprite.Editor", "Unity.2D.Sprite.Editor.csproj", "{7471237F-FA2D-EDCE-AC25-E8172CA8292C}"
EndProject
Project("{FAE04EC0-301F-11D3-BF4B-00C04F79EFBC}") = "UnityEditor.UI", "UnityEditor.UI.csproj", "{236B99F1-E40E-4D5C-87CC-CFF65503D99A}"
EndProject
Project("{FAE04EC0-301F-11D3-BF4B-00C04F79EFBC}") = "Unity.Mathematics.Editor", "Unity.Mathematics.Editor.csproj", "{2BE1F959-3670-F88E-CCC1-DE8C0A5AC0A6}"
EndProject
Project("{FAE04EC0-301F-11D3-BF4B-00C04F79EFBC}") = "Unity.2D.Common.Editor", "Unity.2D.Common.Editor.csproj", "{83BDAB9C-1B51-1B86-A1D4-5EB3CC52FC87}"
EndProject
Project("{FAE04EC0-301F-11D3-BF4B-00C04F79EFBC}") = "Unity.InternalAPIEditorBridge.001", "Unity.InternalAPIEditorBridge.001.csproj", "{0FAEC05E-88C2-4CE3-B4E4-F4803C58BA47}"
EndProject
Project("{FAE04EC0-301F-11D3-BF4B-00C04F79EFBC}") = "UnityEngine.TestRunner", "UnityEngine.TestRunner.Player.csproj", "{4444951C-19E2-EE45-435F-CDD37484B158}"
EndProject
Project("{FAE04EC0-301F-11D3-BF4B-00C04F79EFBC}") = "UnityEngine.UI", "UnityEngine.UI.Player.csproj", "{20D4D385-9539-AF37-4766-E9E0C114814E}"
EndProject
Project("{FAE04EC0-301F-11D3-BF4B-00C04F79EFBC}") = "Unity.Mathematics", "Unity.Mathematics.Player.csproj", "{7D953BB1-D29E-2CCE-E5DA-11669974F3AB}"
EndProject
Project("{FAE04EC0-301F-11D3-BF4B-00C04F79EFBC}") = "Unity.VisualScripting.State", "Unity.VisualScripting.State.Player.csproj", "{9FDEBF81-269C-4CAA-C1AC-55C7D2A37216}"
EndProject
Project("{FAE04EC0-301F-11D3-BF4B-00C04F79EFBC}") = "Unity.VisualScripting.Core", "Unity.VisualScripting.Core.Player.csproj", "{DCC63967-18AF-6297-FC42-EBA3C95B8B21}"
EndProject
Project("{FAE04EC0-301F-11D3-BF4B-00C04F79EFBC}") = "Unity.VisualScripting.Flow", "Unity.VisualScripting.Flow.Player.csproj", "{F6C20B6B-B457-C600-F612-D54057FF8784}"
EndProject
Project("{FAE04EC0-301F-11D3-BF4B-00C04F79EFBC}") = "Unity.2D.Animation.Runtime", "Unity.2D.Animation.Runtime.Player.csproj", "{3479540C-814B-1D86-9034-C3F43BF0EB79}"
EndProject
Project("{FAE04EC0-301F-11D3-BF4B-00C04F79EFBC}") = "Unity.TextMeshPro", "Unity.TextMeshPro.Player.csproj", "{F07C0432-B5E3-5096-916D-E575E1DDEA47}"
EndProject
Project("{FAE04EC0-301F-11D3-BF4B-00C04F79EFBC}") = "Unity.Timeline", "Unity.Timeline.Player.csproj", "{30B6D658-6EC2-8786-FD05-88D62D34D593}"
EndProject
Project("{FAE04EC0-301F-11D3-BF4B-00C04F79EFBC}") = "Unity.2D.SpriteShape.Runtime", "Unity.2D.SpriteShape.Runtime.Player.csproj", "{23533B1F-08A3-8A51-BC8C-7974399E7C5A}"
EndProject
Project("{FAE04EC0-301F-11D3-BF4B-00C04F79EFBC}") = "Unity.2D.Animation.Triangle.Runtime", "Unity.2D.Animation.Triangle.Runtime.Player.csproj", "{39045EFC-D143-634C-10F9-3D979B4DACBE}"
EndProject
Project("{FAE04EC0-301F-11D3-BF4B-00C04F79EFBC}") = "Unity.2D.PixelPerfect", "Unity.2D.PixelPerfect.Player.csproj", "{50E12B1D-51C8-9AF0-B502-D7AA90E53F2C}"
EndProject
Project("{FAE04EC0-301F-11D3-BF4B-00C04F79EFBC}") = "Unity.2D.IK.Runtime", "Unity.2D.IK.Runtime.Player.csproj", "{47A8DA51-42F9-0948-9ECE-8EE98723E280}"
EndProject
Project("{FAE04EC0-301F-11D3-BF4B-00C04F79EFBC}") = "Unity.2D.Common.Runtime", "Unity.2D.Common.Runtime.Player.csproj", "{5F47614D-4442-1D30-6F10-02808E0855D0}"
EndProject
Project("{FAE04EC0-301F-11D3-BF4B-00C04F79EFBC}") = "Unity.InternalAPIEngineBridge.001", "Unity.InternalAPIEngineBridge.001.Player.csproj", "{BC22790B-C0D6-3AA5-03CA-6ABB3B34878D}"
EndProject
Project("{FAE04EC0-301F-11D3-BF4B-00C04F79EFBC}") = "Assembly-CSharp", "Assembly-CSharp.Player.csproj", "{74B68798-1A38-59B9-3D96-FDAEEE2146AF}"
EndProject
Global
	GlobalSection(SolutionConfigurationPlatforms) = preSolution
		Debug|Any CPU = Debug|Any CPU
		Release|Any CPU = Release|Any CPU
	EndGlobalSection
	GlobalSection(ProjectConfigurationPlatforms) = postSolution
		{A8B16DE3-F238-D959-61C2-D0C4C0FEA47B}.Debug|Any CPU.ActiveCfg = Debug|Any CPU
		{A8B16DE3-F238-D959-61C2-D0C4C0FEA47B}.Debug|Any CPU.Build.0 = Debug|Any CPU
		{A8B16DE3-F238-D959-61C2-D0C4C0FEA47B}.Release|Any CPU.ActiveCfg = Release|Any CPU
		{A8B16DE3-F238-D959-61C2-D0C4C0FEA47B}.Release|Any CPU.Build.0 = Release|Any CPU
		{325377FC-67AB-9D5C-1497-D53760714A0B}.Debug|Any CPU.ActiveCfg = Debug|Any CPU
		{325377FC-67AB-9D5C-1497-D53760714A0B}.Debug|Any CPU.Build.0 = Debug|Any CPU
		{325377FC-67AB-9D5C-1497-D53760714A0B}.Release|Any CPU.ActiveCfg = Release|Any CPU
		{325377FC-67AB-9D5C-1497-D53760714A0B}.Release|Any CPU.Build.0 = Release|Any CPU
		{6D6A75BE-1971-26FE-C019-11F2579796AF}.Debug|Any CPU.ActiveCfg = Debug|Any CPU
		{6D6A75BE-1971-26FE-C019-11F2579796AF}.Debug|Any CPU.Build.0 = Debug|Any CPU
		{6D6A75BE-1971-26FE-C019-11F2579796AF}.Release|Any CPU.ActiveCfg = Release|Any CPU
		{6D6A75BE-1971-26FE-C019-11F2579796AF}.Release|Any CPU.Build.0 = Release|Any CPU
		{2688CEE8-7063-CCD5-B844-D4B28192A3FE}.Debug|Any CPU.ActiveCfg = Debug|Any CPU
		{2688CEE8-7063-CCD5-B844-D4B28192A3FE}.Debug|Any CPU.Build.0 = Debug|Any CPU
		{2688CEE8-7063-CCD5-B844-D4B28192A3FE}.Release|Any CPU.ActiveCfg = Release|Any CPU
		{2688CEE8-7063-CCD5-B844-D4B28192A3FE}.Release|Any CPU.Build.0 = Release|Any CPU
		{A99D36B0-4E90-B409-906B-202013023C2D}.Debug|Any CPU.ActiveCfg = Debug|Any CPU
		{A99D36B0-4E90-B409-906B-202013023C2D}.Debug|Any CPU.Build.0 = Debug|Any CPU
		{A99D36B0-4E90-B409-906B-202013023C2D}.Release|Any CPU.ActiveCfg = Release|Any CPU
		{A99D36B0-4E90-B409-906B-202013023C2D}.Release|Any CPU.Build.0 = Release|Any CPU
		{70411888-B18B-7719-D57D-CE21E9363DF6}.Debug|Any CPU.ActiveCfg = Debug|Any CPU
		{70411888-B18B-7719-D57D-CE21E9363DF6}.Debug|Any CPU.Build.0 = Debug|Any CPU
		{70411888-B18B-7719-D57D-CE21E9363DF6}.Release|Any CPU.ActiveCfg = Release|Any CPU
		{70411888-B18B-7719-D57D-CE21E9363DF6}.Release|Any CPU.Build.0 = Release|Any CPU
		{D6421142-6A37-18E5-51CA-3394F3AA6B58}.Debug|Any CPU.ActiveCfg = Debug|Any CPU
		{D6421142-6A37-18E5-51CA-3394F3AA6B58}.Debug|Any CPU.Build.0 = Debug|Any CPU
		{D6421142-6A37-18E5-51CA-3394F3AA6B58}.Release|Any CPU.ActiveCfg = Release|Any CPU
		{D6421142-6A37-18E5-51CA-3394F3AA6B58}.Release|Any CPU.Build.0 = Release|Any CPU
		{E11ECAB8-4910-69EC-3543-BAFA2641F1E3}.Debug|Any CPU.ActiveCfg = Debug|Any CPU
		{E11ECAB8-4910-69EC-3543-BAFA2641F1E3}.Debug|Any CPU.Build.0 = Debug|Any CPU
		{E11ECAB8-4910-69EC-3543-BAFA2641F1E3}.Release|Any CPU.ActiveCfg = Release|Any CPU
		{E11ECAB8-4910-69EC-3543-BAFA2641F1E3}.Release|Any CPU.Build.0 = Release|Any CPU
		{0EE2D429-D696-61CE-4D49-F3E76AD5C29C}.Debug|Any CPU.ActiveCfg = Debug|Any CPU
		{0EE2D429-D696-61CE-4D49-F3E76AD5C29C}.Debug|Any CPU.Build.0 = Debug|Any CPU
		{0EE2D429-D696-61CE-4D49-F3E76AD5C29C}.Release|Any CPU.ActiveCfg = Release|Any CPU
		{0EE2D429-D696-61CE-4D49-F3E76AD5C29C}.Release|Any CPU.Build.0 = Release|Any CPU
		{066ED393-5418-F644-91C0-DAE909909CB2}.Debug|Any CPU.ActiveCfg = Debug|Any CPU
		{066ED393-5418-F644-91C0-DAE909909CB2}.Debug|Any CPU.Build.0 = Debug|Any CPU
		{066ED393-5418-F644-91C0-DAE909909CB2}.Release|Any CPU.ActiveCfg = Release|Any CPU
		{066ED393-5418-F644-91C0-DAE909909CB2}.Release|Any CPU.Build.0 = Release|Any CPU
		{628BC0C4-5161-55DD-E260-20B430453509}.Debug|Any CPU.ActiveCfg = Debug|Any CPU
		{628BC0C4-5161-55DD-E260-20B430453509}.Debug|Any CPU.Build.0 = Debug|Any CPU
		{628BC0C4-5161-55DD-E260-20B430453509}.Release|Any CPU.ActiveCfg = Release|Any CPU
		{628BC0C4-5161-55DD-E260-20B430453509}.Release|Any CPU.Build.0 = Release|Any CPU
		{F1E46FBC-7EE0-532B-E960-03CE5146CAC0}.Debug|Any CPU.ActiveCfg = Debug|Any CPU
		{F1E46FBC-7EE0-532B-E960-03CE5146CAC0}.Debug|Any CPU.Build.0 = Debug|Any CPU
		{F1E46FBC-7EE0-532B-E960-03CE5146CAC0}.Release|Any CPU.ActiveCfg = Release|Any CPU
		{F1E46FBC-7EE0-532B-E960-03CE5146CAC0}.Release|Any CPU.Build.0 = Release|Any CPU
		{8807F5A0-BD39-5BBE-7D70-9A6C17208FB2}.Debug|Any CPU.ActiveCfg = Debug|Any CPU
		{8807F5A0-BD39-5BBE-7D70-9A6C17208FB2}.Debug|Any CPU.Build.0 = Debug|Any CPU
		{8807F5A0-BD39-5BBE-7D70-9A6C17208FB2}.Release|Any CPU.ActiveCfg = Release|Any CPU
		{8807F5A0-BD39-5BBE-7D70-9A6C17208FB2}.Release|Any CPU.Build.0 = Release|Any CPU
		{FA025293-E7BA-C3B4-05E6-0ACE59306F1A}.Debug|Any CPU.ActiveCfg = Debug|Any CPU
		{FA025293-E7BA-C3B4-05E6-0ACE59306F1A}.Debug|Any CPU.Build.0 = Debug|Any CPU
		{FA025293-E7BA-C3B4-05E6-0ACE59306F1A}.Release|Any CPU.ActiveCfg = Release|Any CPU
		{FA025293-E7BA-C3B4-05E6-0ACE59306F1A}.Release|Any CPU.Build.0 = Release|Any CPU
		{D7EB903A-6018-6F04-4EBE-03DCAD41AAEA}.Debug|Any CPU.ActiveCfg = Debug|Any CPU
		{D7EB903A-6018-6F04-4EBE-03DCAD41AAEA}.Debug|Any CPU.Build.0 = Debug|Any CPU
		{D7EB903A-6018-6F04-4EBE-03DCAD41AAEA}.Release|Any CPU.ActiveCfg = Release|Any CPU
		{D7EB903A-6018-6F04-4EBE-03DCAD41AAEA}.Release|Any CPU.Build.0 = Release|Any CPU
		{CAC73D18-2999-99F7-2FF0-322807A7A3CE}.Debug|Any CPU.ActiveCfg = Debug|Any CPU
		{CAC73D18-2999-99F7-2FF0-322807A7A3CE}.Debug|Any CPU.Build.0 = Debug|Any CPU
		{CAC73D18-2999-99F7-2FF0-322807A7A3CE}.Release|Any CPU.ActiveCfg = Release|Any CPU
		{CAC73D18-2999-99F7-2FF0-322807A7A3CE}.Release|Any CPU.Build.0 = Release|Any CPU
		{FF7ACAA0-84DA-2E47-39DD-2D52F4522FD5}.Debug|Any CPU.ActiveCfg = Debug|Any CPU
		{FF7ACAA0-84DA-2E47-39DD-2D52F4522FD5}.Debug|Any CPU.Build.0 = Debug|Any CPU
		{FF7ACAA0-84DA-2E47-39DD-2D52F4522FD5}.Release|Any CPU.ActiveCfg = Release|Any CPU
		{FF7ACAA0-84DA-2E47-39DD-2D52F4522FD5}.Release|Any CPU.Build.0 = Release|Any CPU
		{9DF936F0-666A-97F1-8A72-D85A8298E8DE}.Debug|Any CPU.ActiveCfg = Debug|Any CPU
		{9DF936F0-666A-97F1-8A72-D85A8298E8DE}.Debug|Any CPU.Build.0 = Debug|Any CPU
		{9DF936F0-666A-97F1-8A72-D85A8298E8DE}.Release|Any CPU.ActiveCfg = Release|Any CPU
		{9DF936F0-666A-97F1-8A72-D85A8298E8DE}.Release|Any CPU.Build.0 = Release|Any CPU
		{7A280928-8729-A7B0-C0EE-D1031343A3F5}.Debug|Any CPU.ActiveCfg = Debug|Any CPU
		{7A280928-8729-A7B0-C0EE-D1031343A3F5}.Debug|Any CPU.Build.0 = Debug|Any CPU
		{7A280928-8729-A7B0-C0EE-D1031343A3F5}.Release|Any CPU.ActiveCfg = Release|Any CPU
		{7A280928-8729-A7B0-C0EE-D1031343A3F5}.Release|Any CPU.Build.0 = Release|Any CPU
		{70B7D389-C147-F141-8C24-F915EC772F70}.Debug|Any CPU.ActiveCfg = Debug|Any CPU
		{70B7D389-C147-F141-8C24-F915EC772F70}.Debug|Any CPU.Build.0 = Debug|Any CPU
		{70B7D389-C147-F141-8C24-F915EC772F70}.Release|Any CPU.ActiveCfg = Release|Any CPU
		{70B7D389-C147-F141-8C24-F915EC772F70}.Release|Any CPU.Build.0 = Release|Any CPU
		{5FE3388A-000B-F8F7-3D2A-1B72B69B1487}.Debug|Any CPU.ActiveCfg = Debug|Any CPU
		{5FE3388A-000B-F8F7-3D2A-1B72B69B1487}.Debug|Any CPU.Build.0 = Debug|Any CPU
		{5FE3388A-000B-F8F7-3D2A-1B72B69B1487}.Release|Any CPU.ActiveCfg = Release|Any CPU
		{5FE3388A-000B-F8F7-3D2A-1B72B69B1487}.Release|Any CPU.Build.0 = Release|Any CPU
		{425B4D78-4942-CC3E-D0B1-788E65FD85B8}.Debug|Any CPU.ActiveCfg = Debug|Any CPU
		{425B4D78-4942-CC3E-D0B1-788E65FD85B8}.Debug|Any CPU.Build.0 = Debug|Any CPU
		{425B4D78-4942-CC3E-D0B1-788E65FD85B8}.Release|Any CPU.ActiveCfg = Release|Any CPU
		{425B4D78-4942-CC3E-D0B1-788E65FD85B8}.Release|Any CPU.Build.0 = Release|Any CPU
		{FB739818-94D6-DFE6-4FF6-E843C38262A4}.Debug|Any CPU.ActiveCfg = Debug|Any CPU
		{FB739818-94D6-DFE6-4FF6-E843C38262A4}.Debug|Any CPU.Build.0 = Debug|Any CPU
		{FB739818-94D6-DFE6-4FF6-E843C38262A4}.Release|Any CPU.ActiveCfg = Release|Any CPU
		{FB739818-94D6-DFE6-4FF6-E843C38262A4}.Release|Any CPU.Build.0 = Release|Any CPU
		{4534FFB5-B6A7-B3C5-0904-2584DDAC1910}.Debug|Any CPU.ActiveCfg = Debug|Any CPU
		{4534FFB5-B6A7-B3C5-0904-2584DDAC1910}.Debug|Any CPU.Build.0 = Debug|Any CPU
		{4534FFB5-B6A7-B3C5-0904-2584DDAC1910}.Release|Any CPU.ActiveCfg = Release|Any CPU
		{4534FFB5-B6A7-B3C5-0904-2584DDAC1910}.Release|Any CPU.Build.0 = Release|Any CPU
		{B962F6FE-B973-08AF-4181-8A5D78CEA4A1}.Debug|Any CPU.ActiveCfg = Debug|Any CPU
		{B962F6FE-B973-08AF-4181-8A5D78CEA4A1}.Debug|Any CPU.Build.0 = Debug|Any CPU
		{B962F6FE-B973-08AF-4181-8A5D78CEA4A1}.Release|Any CPU.ActiveCfg = Release|Any CPU
		{B962F6FE-B973-08AF-4181-8A5D78CEA4A1}.Release|Any CPU.Build.0 = Release|Any CPU
		{9EC8F3BE-4AA5-7FD3-552A-97EB4B6202B4}.Debug|Any CPU.ActiveCfg = Debug|Any CPU
		{9EC8F3BE-4AA5-7FD3-552A-97EB4B6202B4}.Debug|Any CPU.Build.0 = Debug|Any CPU
		{9EC8F3BE-4AA5-7FD3-552A-97EB4B6202B4}.Release|Any CPU.ActiveCfg = Release|Any CPU
		{9EC8F3BE-4AA5-7FD3-552A-97EB4B6202B4}.Release|Any CPU.Build.0 = Release|Any CPU
		{9DEA5D6B-8F7B-2A24-FF5F-B1A8A85A2FA7}.Debug|Any CPU.ActiveCfg = Debug|Any CPU
		{9DEA5D6B-8F7B-2A24-FF5F-B1A8A85A2FA7}.Debug|Any CPU.Build.0 = Debug|Any CPU
		{9DEA5D6B-8F7B-2A24-FF5F-B1A8A85A2FA7}.Release|Any CPU.ActiveCfg = Release|Any CPU
		{9DEA5D6B-8F7B-2A24-FF5F-B1A8A85A2FA7}.Release|Any CPU.Build.0 = Release|Any CPU
		{9ABB08A8-2C4E-E122-D577-7EC8353C5A2A}.Debug|Any CPU.ActiveCfg = Debug|Any CPU
		{9ABB08A8-2C4E-E122-D577-7EC8353C5A2A}.Debug|Any CPU.Build.0 = Debug|Any CPU
		{9ABB08A8-2C4E-E122-D577-7EC8353C5A2A}.Release|Any CPU.ActiveCfg = Release|Any CPU
		{9ABB08A8-2C4E-E122-D577-7EC8353C5A2A}.Release|Any CPU.Build.0 = Release|Any CPU
		{2EBFEB97-97C1-E9F1-FD38-12C53712B2DC}.Debug|Any CPU.ActiveCfg = Debug|Any CPU
		{2EBFEB97-97C1-E9F1-FD38-12C53712B2DC}.Debug|Any CPU.Build.0 = Debug|Any CPU
		{2EBFEB97-97C1-E9F1-FD38-12C53712B2DC}.Release|Any CPU.ActiveCfg = Release|Any CPU
		{2EBFEB97-97C1-E9F1-FD38-12C53712B2DC}.Release|Any CPU.Build.0 = Release|Any CPU
		{D1FA32EA-83AE-2E12-6B5A-B54E621F20D4}.Debug|Any CPU.ActiveCfg = Debug|Any CPU
		{D1FA32EA-83AE-2E12-6B5A-B54E621F20D4}.Debug|Any CPU.Build.0 = Debug|Any CPU
		{D1FA32EA-83AE-2E12-6B5A-B54E621F20D4}.Release|Any CPU.ActiveCfg = Release|Any CPU
		{D1FA32EA-83AE-2E12-6B5A-B54E621F20D4}.Release|Any CPU.Build.0 = Release|Any CPU
		{271D9F65-588E-92F4-EF4F-BBADDADA9C24}.Debug|Any CPU.ActiveCfg = Debug|Any CPU
		{271D9F65-588E-92F4-EF4F-BBADDADA9C24}.Debug|Any CPU.Build.0 = Debug|Any CPU
		{271D9F65-588E-92F4-EF4F-BBADDADA9C24}.Release|Any CPU.ActiveCfg = Release|Any CPU
		{271D9F65-588E-92F4-EF4F-BBADDADA9C24}.Release|Any CPU.Build.0 = Release|Any CPU
		{9B3D3FD3-80F5-F097-ED4C-4D8F00620EDF}.Debug|Any CPU.ActiveCfg = Debug|Any CPU
		{9B3D3FD3-80F5-F097-ED4C-4D8F00620EDF}.Debug|Any CPU.Build.0 = Debug|Any CPU
		{9B3D3FD3-80F5-F097-ED4C-4D8F00620EDF}.Release|Any CPU.ActiveCfg = Release|Any CPU
		{9B3D3FD3-80F5-F097-ED4C-4D8F00620EDF}.Release|Any CPU.Build.0 = Release|Any CPU
		{3D158011-C88D-7E15-804D-D7CE3530A6FC}.Debug|Any CPU.ActiveCfg = Debug|Any CPU
		{3D158011-C88D-7E15-804D-D7CE3530A6FC}.Debug|Any CPU.Build.0 = Debug|Any CPU
		{3D158011-C88D-7E15-804D-D7CE3530A6FC}.Release|Any CPU.ActiveCfg = Release|Any CPU
		{3D158011-C88D-7E15-804D-D7CE3530A6FC}.Release|Any CPU.Build.0 = Release|Any CPU
		{EA480686-E61D-00D7-4C8F-D950FFBABAFC}.Debug|Any CPU.ActiveCfg = Debug|Any CPU
		{EA480686-E61D-00D7-4C8F-D950FFBABAFC}.Debug|Any CPU.Build.0 = Debug|Any CPU
		{EA480686-E61D-00D7-4C8F-D950FFBABAFC}.Release|Any CPU.ActiveCfg = Release|Any CPU
		{EA480686-E61D-00D7-4C8F-D950FFBABAFC}.Release|Any CPU.Build.0 = Release|Any CPU
		{6DFD8B39-6DF3-F45A-3CF6-07EC94F0CFA7}.Debug|Any CPU.ActiveCfg = Debug|Any CPU
		{6DFD8B39-6DF3-F45A-3CF6-07EC94F0CFA7}.Debug|Any CPU.Build.0 = Debug|Any CPU
		{6DFD8B39-6DF3-F45A-3CF6-07EC94F0CFA7}.Release|Any CPU.ActiveCfg = Release|Any CPU
		{6DFD8B39-6DF3-F45A-3CF6-07EC94F0CFA7}.Release|Any CPU.Build.0 = Release|Any CPU
		{7471237F-FA2D-EDCE-AC25-E8172CA8292C}.Debug|Any CPU.ActiveCfg = Debug|Any CPU
		{7471237F-FA2D-EDCE-AC25-E8172CA8292C}.Debug|Any CPU.Build.0 = Debug|Any CPU
		{7471237F-FA2D-EDCE-AC25-E8172CA8292C}.Release|Any CPU.ActiveCfg = Release|Any CPU
		{7471237F-FA2D-EDCE-AC25-E8172CA8292C}.Release|Any CPU.Build.0 = Release|Any CPU
		{236B99F1-E40E-4D5C-87CC-CFF65503D99A}.Debug|Any CPU.ActiveCfg = Debug|Any CPU
		{236B99F1-E40E-4D5C-87CC-CFF65503D99A}.Debug|Any CPU.Build.0 = Debug|Any CPU
		{236B99F1-E40E-4D5C-87CC-CFF65503D99A}.Release|Any CPU.ActiveCfg = Release|Any CPU
		{236B99F1-E40E-4D5C-87CC-CFF65503D99A}.Release|Any CPU.Build.0 = Release|Any CPU
		{2BE1F959-3670-F88E-CCC1-DE8C0A5AC0A6}.Debug|Any CPU.ActiveCfg = Debug|Any CPU
		{2BE1F959-3670-F88E-CCC1-DE8C0A5AC0A6}.Debug|Any CPU.Build.0 = Debug|Any CPU
		{2BE1F959-3670-F88E-CCC1-DE8C0A5AC0A6}.Release|Any CPU.ActiveCfg = Release|Any CPU
		{2BE1F959-3670-F88E-CCC1-DE8C0A5AC0A6}.Release|Any CPU.Build.0 = Release|Any CPU
		{83BDAB9C-1B51-1B86-A1D4-5EB3CC52FC87}.Debug|Any CPU.ActiveCfg = Debug|Any CPU
		{83BDAB9C-1B51-1B86-A1D4-5EB3CC52FC87}.Debug|Any CPU.Build.0 = Debug|Any CPU
		{83BDAB9C-1B51-1B86-A1D4-5EB3CC52FC87}.Release|Any CPU.ActiveCfg = Release|Any CPU
		{83BDAB9C-1B51-1B86-A1D4-5EB3CC52FC87}.Release|Any CPU.Build.0 = Release|Any CPU
		{0FAEC05E-88C2-4CE3-B4E4-F4803C58BA47}.Debug|Any CPU.ActiveCfg = Debug|Any CPU
		{0FAEC05E-88C2-4CE3-B4E4-F4803C58BA47}.Debug|Any CPU.Build.0 = Debug|Any CPU
		{0FAEC05E-88C2-4CE3-B4E4-F4803C58BA47}.Release|Any CPU.ActiveCfg = Release|Any CPU
		{0FAEC05E-88C2-4CE3-B4E4-F4803C58BA47}.Release|Any CPU.Build.0 = Release|Any CPU
		{4444951C-19E2-EE45-435F-CDD37484B158}.Debug|Any CPU.ActiveCfg = Debug|Any CPU
		{4444951C-19E2-EE45-435F-CDD37484B158}.Debug|Any CPU.Build.0 = Debug|Any CPU
		{4444951C-19E2-EE45-435F-CDD37484B158}.Release|Any CPU.ActiveCfg = Release|Any CPU
		{4444951C-19E2-EE45-435F-CDD37484B158}.Release|Any CPU.Build.0 = Release|Any CPU
		{20D4D385-9539-AF37-4766-E9E0C114814E}.Debug|Any CPU.ActiveCfg = Debug|Any CPU
		{20D4D385-9539-AF37-4766-E9E0C114814E}.Debug|Any CPU.Build.0 = Debug|Any CPU
		{20D4D385-9539-AF37-4766-E9E0C114814E}.Release|Any CPU.ActiveCfg = Release|Any CPU
		{20D4D385-9539-AF37-4766-E9E0C114814E}.Release|Any CPU.Build.0 = Release|Any CPU
		{7D953BB1-D29E-2CCE-E5DA-11669974F3AB}.Debug|Any CPU.ActiveCfg = Debug|Any CPU
		{7D953BB1-D29E-2CCE-E5DA-11669974F3AB}.Debug|Any CPU.Build.0 = Debug|Any CPU
		{7D953BB1-D29E-2CCE-E5DA-11669974F3AB}.Release|Any CPU.ActiveCfg = Release|Any CPU
		{7D953BB1-D29E-2CCE-E5DA-11669974F3AB}.Release|Any CPU.Build.0 = Release|Any CPU
		{9FDEBF81-269C-4CAA-C1AC-55C7D2A37216}.Debug|Any CPU.ActiveCfg = Debug|Any CPU
		{9FDEBF81-269C-4CAA-C1AC-55C7D2A37216}.Debug|Any CPU.Build.0 = Debug|Any CPU
		{9FDEBF81-269C-4CAA-C1AC-55C7D2A37216}.Release|Any CPU.ActiveCfg = Release|Any CPU
		{9FDEBF81-269C-4CAA-C1AC-55C7D2A37216}.Release|Any CPU.Build.0 = Release|Any CPU
		{DCC63967-18AF-6297-FC42-EBA3C95B8B21}.Debug|Any CPU.ActiveCfg = Debug|Any CPU
		{DCC63967-18AF-6297-FC42-EBA3C95B8B21}.Debug|Any CPU.Build.0 = Debug|Any CPU
		{DCC63967-18AF-6297-FC42-EBA3C95B8B21}.Release|Any CPU.ActiveCfg = Release|Any CPU
		{DCC63967-18AF-6297-FC42-EBA3C95B8B21}.Release|Any CPU.Build.0 = Release|Any CPU
		{F6C20B6B-B457-C600-F612-D54057FF8784}.Debug|Any CPU.ActiveCfg = Debug|Any CPU
		{F6C20B6B-B457-C600-F612-D54057FF8784}.Debug|Any CPU.Build.0 = Debug|Any CPU
		{F6C20B6B-B457-C600-F612-D54057FF8784}.Release|Any CPU.ActiveCfg = Release|Any CPU
		{F6C20B6B-B457-C600-F612-D54057FF8784}.Release|Any CPU.Build.0 = Release|Any CPU
		{3479540C-814B-1D86-9034-C3F43BF0EB79}.Debug|Any CPU.ActiveCfg = Debug|Any CPU
		{3479540C-814B-1D86-9034-C3F43BF0EB79}.Debug|Any CPU.Build.0 = Debug|Any CPU
		{3479540C-814B-1D86-9034-C3F43BF0EB79}.Release|Any CPU.ActiveCfg = Release|Any CPU
		{3479540C-814B-1D86-9034-C3F43BF0EB79}.Release|Any CPU.Build.0 = Release|Any CPU
		{F07C0432-B5E3-5096-916D-E575E1DDEA47}.Debug|Any CPU.ActiveCfg = Debug|Any CPU
		{F07C0432-B5E3-5096-916D-E575E1DDEA47}.Debug|Any CPU.Build.0 = Debug|Any CPU
		{F07C0432-B5E3-5096-916D-E575E1DDEA47}.Release|Any CPU.ActiveCfg = Release|Any CPU
		{F07C0432-B5E3-5096-916D-E575E1DDEA47}.Release|Any CPU.Build.0 = Release|Any CPU
		{30B6D658-6EC2-8786-FD05-88D62D34D593}.Debug|Any CPU.ActiveCfg = Debug|Any CPU
		{30B6D658-6EC2-8786-FD05-88D62D34D593}.Debug|Any CPU.Build.0 = Debug|Any CPU
		{30B6D658-6EC2-8786-FD05-88D62D34D593}.Release|Any CPU.ActiveCfg = Release|Any CPU
		{30B6D658-6EC2-8786-FD05-88D62D34D593}.Release|Any CPU.Build.0 = Release|Any CPU
		{23533B1F-08A3-8A51-BC8C-7974399E7C5A}.Debug|Any CPU.ActiveCfg = Debug|Any CPU
		{23533B1F-08A3-8A51-BC8C-7974399E7C5A}.Debug|Any CPU.Build.0 = Debug|Any CPU
		{23533B1F-08A3-8A51-BC8C-7974399E7C5A}.Release|Any CPU.ActiveCfg = Release|Any CPU
		{23533B1F-08A3-8A51-BC8C-7974399E7C5A}.Release|Any CPU.Build.0 = Release|Any CPU
		{39045EFC-D143-634C-10F9-3D979B4DACBE}.Debug|Any CPU.ActiveCfg = Debug|Any CPU
		{39045EFC-D143-634C-10F9-3D979B4DACBE}.Debug|Any CPU.Build.0 = Debug|Any CPU
		{39045EFC-D143-634C-10F9-3D979B4DACBE}.Release|Any CPU.ActiveCfg = Release|Any CPU
		{39045EFC-D143-634C-10F9-3D979B4DACBE}.Release|Any CPU.Build.0 = Release|Any CPU
		{50E12B1D-51C8-9AF0-B502-D7AA90E53F2C}.Debug|Any CPU.ActiveCfg = Debug|Any CPU
		{50E12B1D-51C8-9AF0-B502-D7AA90E53F2C}.Debug|Any CPU.Build.0 = Debug|Any CPU
		{50E12B1D-51C8-9AF0-B502-D7AA90E53F2C}.Release|Any CPU.ActiveCfg = Release|Any CPU
		{50E12B1D-51C8-9AF0-B502-D7AA90E53F2C}.Release|Any CPU.Build.0 = Release|Any CPU
		{47A8DA51-42F9-0948-9ECE-8EE98723E280}.Debug|Any CPU.ActiveCfg = Debug|Any CPU
		{47A8DA51-42F9-0948-9ECE-8EE98723E280}.Debug|Any CPU.Build.0 = Debug|Any CPU
		{47A8DA51-42F9-0948-9ECE-8EE98723E280}.Release|Any CPU.ActiveCfg = Release|Any CPU
		{47A8DA51-42F9-0948-9ECE-8EE98723E280}.Release|Any CPU.Build.0 = Release|Any CPU
		{5F47614D-4442-1D30-6F10-02808E0855D0}.Debug|Any CPU.ActiveCfg = Debug|Any CPU
		{5F47614D-4442-1D30-6F10-02808E0855D0}.Debug|Any CPU.Build.0 = Debug|Any CPU
		{5F47614D-4442-1D30-6F10-02808E0855D0}.Release|Any CPU.ActiveCfg = Release|Any CPU
		{5F47614D-4442-1D30-6F10-02808E0855D0}.Release|Any CPU.Build.0 = Release|Any CPU
		{BC22790B-C0D6-3AA5-03CA-6ABB3B34878D}.Debug|Any CPU.ActiveCfg = Debug|Any CPU
		{BC22790B-C0D6-3AA5-03CA-6ABB3B34878D}.Debug|Any CPU.Build.0 = Debug|Any CPU
		{BC22790B-C0D6-3AA5-03CA-6ABB3B34878D}.Release|Any CPU.ActiveCfg = Release|Any CPU
		{BC22790B-C0D6-3AA5-03CA-6ABB3B34878D}.Release|Any CPU.Build.0 = Release|Any CPU
		{74B68798-1A38-59B9-3D96-FDAEEE2146AF}.Debug|Any CPU.ActiveCfg = Debug|Any CPU
		{74B68798-1A38-59B9-3D96-FDAEEE2146AF}.Debug|Any CPU.Build.0 = Debug|Any CPU
		{74B68798-1A38-59B9-3D96-FDAEEE2146AF}.Release|Any CPU.ActiveCfg = Release|Any CPU
		{74B68798-1A38-59B9-3D96-FDAEEE2146AF}.Release|Any CPU.Build.0 = Release|Any CPU
	EndGlobalSection
	GlobalSection(SolutionProperties) = preSolution
		HideSolutionNode = FALSE
	EndGlobalSection
EndGlobal
